{
  "name": "allen-torrent",
  "version": "1.0.0",
  "lockfileVersion": 3,
  "requires": true,
  "packages": {
    "": {
      "name": "allen-torrent",
      "version": "1.0.0",
      "license": "ISC",
      "dependencies": {
        "bencode": "^0.9.0",
        "torrent-parser": "^1.2.0"
      }
    },
    "node_modules/bencode": {
      "version": "0.9.0",
      "resolved": "https://registry.npmjs.org/bencode/-/bencode-0.9.0.tgz",
      "integrity": "sha512-vyB94M60TTU5S3fHv1pnlgMWpXVf0bIjniWQzKyCSXRRdAj17NNpew7ZM5meXAKHucMIuJELmZwiA2UW2ZxAAw=="
    },
    "node_modules/lodash": {
      "version": "4.17.21",
      "resolved": "https://registry.npmjs.org/lodash/-/lodash-4.17.21.tgz",
      "integrity": "sha512-v2kDEe57lecTulaDIuNTPy3Ry4gLGJ6Z1O3vE1krgXZNrsQ+LFTGHVxVjcXPs17LhbZVGedAJv8XZ1tvj5FvSg=="
    },
    "node_modules/torrent-parser": {
      "version": "1.2.0",
      "resolved": "https://registry.npmjs.org/torrent-parser/-/torrent-parser-1.2.0.tgz",
      "integrity": "sha512-H/veK6VzAxV+PViQK94Kz8WPfLn8XiV9QqzK+1KhAF/QUVXeVXrKmk/Zh3SVeeSh8W5RcqZJEaobZwm00EiTKA==",
      "dependencies": {
        "bencode": "^0.11.0",
        "lodash": "^4.17.4"
      },
      "bin": {
        "torrent-parser": "bin/torrent-parser.js"
      }
    },
    "node_modules/torrent-parser/node_modules/bencode": {
      "version": "0.11.0",
      "resolved": "https://registry.npmjs.org/bencode/-/bencode-0.11.0.tgz",
      "integrity": "sha512-x6qfVFALg1uFnGXrFYtiSE429Mdt+CTLnSIQVl+ZWAFae8QE+LICbD00S2JFl8tOPVU493U9Auxf1e26Pnhxng=="
    }
  }
}
